// !$*UTF8*$!
{
	archiveVersion = 1;
	classes = {
	};
	objectVersion = 48;
	objects = {

/* Begin PBXBuildFile section */
		D76DA7ED207A116C00976361 /* AppDelegate.swift in Sources */ = {isa = PBXBuildFile; fileRef = D76DA7EC207A116C00976361 /* AppDelegate.swift */; };
		D76DA7EF207A116C00976361 /* ViewController.swift in Sources */ = {isa = PBXBuildFile; fileRef = D76DA7EE207A116C00976361 /* ViewController.swift */; };
		D76DA7F2207A116C00976361 /* Main.storyboard in Resources */ = {isa = PBXBuildFile; fileRef = D76DA7F0207A116C00976361 /* Main.storyboard */; };
		D76DA7F4207A116D00976361 /* Assets.xcassets in Resources */ = {isa = PBXBuildFile; fileRef = D76DA7F3207A116D00976361 /* Assets.xcassets */; };
		D76DA7F7207A116D00976361 /* LaunchScreen.storyboard in Resources */ = {isa = PBXBuildFile; fileRef = D76DA7F5207A116D00976361 /* LaunchScreen.storyboard */; };
		D76DA802207A116D00976361 /* swiftCodeTests.swift in Sources */ = {isa = PBXBuildFile; fileRef = D76DA801207A116D00976361 /* swiftCodeTests.swift */; };
		D76DA80D207A116D00976361 /* swiftCodeUITests.swift in Sources */ = {isa = PBXBuildFile; fileRef = D76DA80C207A116D00976361 /* swiftCodeUITests.swift */; };
/* End PBXBuildFile section */

/* Begin PBXContainerItemProxy section */
		D76DA7FE207A116D00976361 /* PBXContainerItemProxy */ = {
			isa = PBXContainerItemProxy;
			containerPortal = D76DA7E1207A116C00976361 /* Project object */;
			proxyType = 1;
			remoteGlobalIDString = D76DA7E8207A116C00976361;
			remoteInfo = swiftCode;
		};
		D76DA809207A116D00976361 /* PBXContainerItemProxy */ = {
			isa = PBXContainerItemProxy;
			containerPortal = D76DA7E1207A116C00976361 /* Project object */;
			proxyType = 1;
			remoteGlobalIDString = D76DA7E8207A116C00976361;
			remoteInfo = swiftCode;
		};
/* End PBXContainerItemProxy section */

/* Begin PBXFileReference section */
		D76DA7E9207A116C00976361 /* swiftCode.app */ = {isa = PBXFileReference; explicitFileType = wrapper.application; includeInIndex = 0; path = swiftCode.app; sourceTree = BUILT_PRODUCTS_DIR; };
		D76DA7EC207A116C00976361 /* AppDelegate.swift */ = {isa = PBXFileReference; lastKnownFileType = sourcecode.swift; path = AppDelegate.swift; sourceTree = "<group>"; };
		D76DA7EE207A116C00976361 /* ViewController.swift */ = {isa = PBXFileReference; lastKnownFileType = sourcecode.swift; path = ViewController.swift; sourceTree = "<group>"; };
		D76DA7F1207A116C00976361 /* Base */ = {isa = PBXFileReference; lastKnownFileType = file.storyboard; name = Base; path = Base.lproj/Main.storyboard; sourceTree = "<group>"; };
		D76DA7F3207A116D00976361 /* Assets.xcassets */ = {isa = PBXFileReference; lastKnownFileType = folder.assetcatalog; path = Assets.xcassets; sourceTree = "<group>"; };
		D76DA7F6207A116D00976361 /* Base */ = {isa = PBXFileReference; lastKnownFileType = file.storyboard; name = Base; path = Base.lproj/LaunchScreen.storyboard; sourceTree = "<group>"; };
		D76DA7F8207A116D00976361 /* Info.plist */ = {isa = PBXFileReference; lastKnownFileType = text.plist.xml; path = Info.plist; sourceTree = "<group>"; };
		D76DA7FD207A116D00976361 /* swiftCodeTests.xctest */ = {isa = PBXFileReference; explicitFileType = wrapper.cfbundle; includeInIndex = 0; path = swiftCodeTests.xctest; sourceTree = BUILT_PRODUCTS_DIR; };
		D76DA801207A116D00976361 /* swiftCodeTests.swift */ = {isa = PBXFileReference; lastKnownFileType = sourcecode.swift; path = swiftCodeTests.swift; sourceTree = "<group>"; };
		D76DA803207A116D00976361 /* Info.plist */ = {isa = PBXFileReference; lastKnownFileType = text.plist.xml; path = Info.plist; sourceTree = "<group>"; };
		D76DA808207A116D00976361 /* swiftCodeUITests.xctest */ = {isa = PBXFileReference; explicitFileType = wrapper.cfbundle; includeInIndex = 0; path = swiftCodeUITests.xctest; sourceTree = BUILT_PRODUCTS_DIR; };
		D76DA80C207A116D00976361 /* swiftCodeUITests.swift */ = {isa = PBXFileReference; lastKnownFileType = sourcecode.swift; path = swiftCodeUITests.swift; sourceTree = "<group>"; };
		D76DA80E207A116D00976361 /* Info.plist */ = {isa = PBXFileReference; lastKnownFileType = text.plist.xml; path = Info.plist; sourceTree = "<group>"; };
/* End PBXFileReference section */

/* Begin PBXFrameworksBuildPhase section */
		D76DA7E6207A116C00976361 /* Frameworks */ = {
			isa = PBXFrameworksBuildPhase;
			buildActionMask = 2147483647;
			files = (
			);
			runOnlyForDeploymentPostprocessing = 0;
		};
		D76DA7FA207A116D00976361 /* Frameworks */ = {
			isa = PBXFrameworksBuildPhase;
			buildActionMask = 2147483647;
			files = (
			);
			runOnlyForDeploymentPostprocessing = 0;
		};
		D76DA805207A116D00976361 /* Frameworks */ = {
			isa = PBXFrameworksBuildPhase;
			buildActionMask = 2147483647;
			files = (
			);
			runOnlyForDeploymentPostprocessing = 0;
		};
/* End PBXFrameworksBuildPhase section */

/* Begin PBXGroup section */
		D76DA7E0207A116C00976361 = {
			isa = PBXGroup;
			children = (
				D76DA7EB207A116C00976361 /* swiftCode */,
				D76DA800207A116D00976361 /* swiftCodeTests */,
				D76DA80B207A116D00976361 /* swiftCodeUITests */,
				D76DA7EA207A116C00976361 /* Products */,
			);
			sourceTree = "<group>";
		};
		D76DA7EA207A116C00976361 /* Products */ = {
			isa = PBXGroup;
			children = (
				D76DA7E9207A116C00976361 /* swiftCode.app */,
				D76DA7FD207A116D00976361 /* swiftCodeTests.xctest */,
				D76DA808207A116D00976361 /* swiftCodeUITests.xctest */,
			);
			name = Products;
			sourceTree = "<group>";
		};
		D76DA7EB207A116C00976361 /* swiftCode */ = {
			isa = PBXGroup;
			children = (
				D76DA7EC207A116C00976361 /* AppDelegate.swift */,
				D76DA7EE207A116C00976361 /* ViewController.swift */,
				D76DA7F0207A116C00976361 /* Main.storyboard */,
				D76DA7F3207A116D00976361 /* Assets.xcassets */,
				D76DA7F5207A116D00976361 /* LaunchScreen.storyboard */,
				D76DA7F8207A116D00976361 /* Info.plist */,
			);
			path = swiftCode;
			sourceTree = "<group>";
		};
		D76DA800207A116D00976361 /* swiftCodeTests */ = {
			isa = PBXGroup;
			children = (
				D76DA801207A116D00976361 /* swiftCodeTests.swift */,
				D76DA803207A116D00976361 /* Info.plist */,
			);
			path = swiftCodeTests;
			sourceTree = "<group>";
		};
		D76DA80B207A116D00976361 /* swiftCodeUITests */ = {
			isa = PBXGroup;
			children = (
				D76DA80C207A116D00976361 /* swiftCodeUITests.swift */,
				D76DA80E207A116D00976361 /* Info.plist */,
			);
			path = swiftCodeUITests;
			sourceTree = "<group>";
		};
/* End PBXGroup section */

/* Begin PBXNativeTarget section */
		D76DA7E8207A116C00976361 /* swiftCode */ = {
			isa = PBXNativeTarget;
			buildConfigurationList = D76DA811207A116D00976361 /* Build configuration list for PBXNativeTarget "swiftCode" */;
			buildPhases = (
				D76DA7E5207A116C00976361 /* Sources */,
				D76DA7E6207A116C00976361 /* Frameworks */,
				D76DA7E7207A116C00976361 /* Resources */,
			);
			buildRules = (
			);
			dependencies = (
			);
			name = swiftCode;
			productName = swiftCode;
			productReference = D76DA7E9207A116C00976361 /* swiftCode.app */;
			productType = "com.apple.product-type.application";
		};
		D76DA7FC207A116D00976361 /* swiftCodeTests */ = {
			isa = PBXNativeTarget;
			buildConfigurationList = D76DA814207A116D00976361 /* Build configuration list for PBXNativeTarget "swiftCodeTests" */;
			buildPhases = (
				D76DA7F9207A116D00976361 /* Sources */,
				D76DA7FA207A116D00976361 /* Frameworks */,
				D76DA7FB207A116D00976361 /* Resources */,
			);
			buildRules = (
			);
			dependencies = (
				D76DA7FF207A116D00976361 /* PBXTargetDependency */,
			);
			name = swiftCodeTests;
			productName = swiftCodeTests;
			productReference = D76DA7FD207A116D00976361 /* swiftCodeTests.xctest */;
			productType = "com.apple.product-type.bundle.unit-test";
		};
		D76DA807207A116D00976361 /* swiftCodeUITests */ = {
			isa = PBXNativeTarget;
			buildConfigurationList = D76DA817207A116D00976361 /* Build configuration list for PBXNativeTarget "swiftCodeUITests" */;
			buildPhases = (
				D76DA804207A116D00976361 /* Sources */,
				D76DA805207A116D00976361 /* Frameworks */,
				D76DA806207A116D00976361 /* Resources */,
			);
			buildRules = (
			);
			dependencies = (
				D76DA80A207A116D00976361 /* PBXTargetDependency */,
			);
			name = swiftCodeUITests;
			productName = swiftCodeUITests;
			productReference = D76DA808207A116D00976361 /* swiftCodeUITests.xctest */;
			productType = "com.apple.product-type.bundle.ui-testing";
		};
/* End PBXNativeTarget section */

/* Begin PBXProject section */
		D76DA7E1207A116C00976361 /* Project object */ = {
			isa = PBXProject;
			attributes = {
				LastSwiftUpdateCheck = 0920;
				LastUpgradeCheck = 0920;
				ORGANIZATIONNAME = "叶子";
				TargetAttributes = {
					D76DA7E8207A116C00976361 = {
						CreatedOnToolsVersion = 9.2;
						ProvisioningStyle = Automatic;
					};
					D76DA7FC207A116D00976361 = {
						CreatedOnToolsVersion = 9.2;
						ProvisioningStyle = Automatic;
						TestTargetID = D76DA7E8207A116C00976361;
					};
					D76DA807207A116D00976361 = {
						CreatedOnToolsVersion = 9.2;
						ProvisioningStyle = Automatic;
						TestTargetID = D76DA7E8207A116C00976361;
					};
				};
			};
			buildConfigurationList = D76DA7E4207A116C00976361 /* Build configuration list for PBXProject "swiftCode" */;
			compatibilityVersion = "Xcode 8.0";
			developmentRegion = en;
			hasScannedForEncodings = 0;
			knownRegions = (
				en,
				Base,
			);
			mainGroup = D76DA7E0207A116C00976361;
			productRefGroup = D76DA7EA207A116C00976361 /* Products */;
			projectDirPath = "";
			projectRoot = "";
			targets = (
				D76DA7E8207A116C00976361 /* swiftCode */,
				D76DA7FC207A116D00976361 /* swiftCodeTests */,
				D76DA807207A116D00976361 /* swiftCodeUITests */,
			);
		};
/* End PBXProject section */

/* Begin PBXResourcesBuildPhase section */
		D76DA7E7207A116C00976361 /* Resources */ = {
			isa = PBXResourcesBuildPhase;
			buildActionMask = 2147483647;
			files = (
				D76DA7F7207A116D00976361 /* LaunchScreen.storyboard in Resources */,
				D76DA7F4207A116D00976361 /* Assets.xcassets in Resources */,
				D76DA7F2207A116C00976361 /* Main.storyboard in Resources */,
			);
			runOnlyForDeploymentPostprocessing = 0;
		};
		D76DA7FB207A116D00976361 /* Resources */ = {
			isa = PBXResourcesBuildPhase;
			buildActionMask = 2147483647;
			files = (
			);
			runOnlyForDeploymentPostprocessing = 0;
		};
		D76DA806207A116D00976361 /* Resources */ = {
			isa = PBXResourcesBuildPhase;
			buildActionMask = 2147483647;
			files = (
			);
			runOnlyForDeploymentPostprocessing = 0;
		};
/* End PBXResourcesBuildPhase section */

/* Begin PBXSourcesBuildPhase section */
		D76DA7E5207A116C00976361 /* Sources */ = {
			isa = PBXSourcesBuildPhase;
			buildActionMask = 2147483647;
			files = (
				D76DA7EF207A116C00976361 /* ViewController.swift in Sources */,
				D76DA7ED207A116C00976361 /* AppDelegate.swift in Sources */,
			);
			runOnlyForDeploymentPostprocessing = 0;
		};
		D76DA7F9207A116D00976361 /* Sources */ = {
			isa = PBXSourcesBuildPhase;
			buildActionMask = 2147483647;
			files = (
				D76DA802207A116D00976361 /* swiftCodeTests.swift in Sources */,
			);
			runOnlyForDeploymentPostprocessing = 0;
		};
		D76DA804207A116D00976361 /* Sources */ = {
			isa = PBXSourcesBuildPhase;
			buildActionMask = 2147483647;
			files = (
				D76DA80D207A116D00976361 /* swiftCodeUITests.swift in Sources */,
			);
			runOnlyForDeploymentPostprocessing = 0;
		};
/* End PBXSourcesBuildPhase section */

/* Begin PBXTargetDependency section */
		D76DA7FF207A116D00976361 /* PBXTargetDependency */ = {
			isa = PBXTargetDependency;
			target = D76DA7E8207A116C00976361 /* swiftCode */;
			targetProxy = D76DA7FE207A116D00976361 /* PBXContainerItemProxy */;
		};
		D76DA80A207A116D00976361 /* PBXTargetDependency */ = {
			isa = PBXTargetDependency;
			target = D76DA7E8207A116C00976361 /* swiftCode */;
			targetProxy = D76DA809207A116D00976361 /* PBXContainerItemProxy */;
		};
/* End PBXTargetDependency section */

/* Begin PBXVariantGroup section */
		D76DA7F0207A116C00976361 /* Main.storyboard */ = {
			isa = PBXVariantGroup;
			children = (
				D76DA7F1207A116C00976361 /* Base */,
			);
			name = Main.storyboard;
			sourceTree = "<group>";
		};
		D76DA7F5207A116D00976361 /* LaunchScreen.storyboard */ = {
			isa = PBXVariantGroup;
			children = (
				D76DA7F6207A116D00976361 /* Base */,
			);
			name = LaunchScreen.storyboard;
			sourceTree = "<group>";
		};
/* End PBXVariantGroup section */

/* Begin XCBuildConfiguration section */
		D76DA80F207A116D00976361 /* Debug */ = {
			isa = XCBuildConfiguration;
			buildSettings = {
				ALWAYS_SEARCH_USER_PATHS = NO;
				CLANG_ANALYZER_NONNULL = YES;
				CLANG_ANALYZER_NUMBER_OBJECT_CONVERSION = YES_AGGRESSIVE;
				CLANG_CXX_LANGUAGE_STANDARD = "gnu++14";
				CLANG_CXX_LIBRARY = "libc++";
				CLANG_ENABLE_MODULES = YES;
				CLANG_ENABLE_OBJC_ARC = YES;
				CLANG_WARN_BLOCK_CAPTURE_AUTORELEASING = YES;
				CLANG_WARN_BOOL_CONVERSION = YES;
				CLANG_WARN_COMMA = YES;
				CLANG_WARN_CONSTANT_CONVERSION = YES;
				CLANG_WARN_DIRECT_OBJC_ISA_USAGE = YES_ERROR;
				CLANG_WARN_DOCUMENTATION_COMMENTS = YES;
				CLANG_WARN_EMPTY_BODY = YES;
				CLANG_WARN_ENUM_CONVERSION = YES;
				CLANG_WARN_INFINITE_RECURSION = YES;
				CLANG_WARN_INT_CONVERSION = YES;
				CLANG_WARN_NON_LITERAL_NULL_CONVERSION = YES;
				CLANG_WARN_OBJC_LITERAL_CONVERSION = YES;
				CLANG_WARN_OBJC_ROOT_CLASS = YES_ERROR;
				CLANG_WARN_RANGE_LOOP_ANALYSIS = YES;
				CLANG_WARN_STRICT_PROTOTYPES = YES;
				CLANG_WARN_SUSPICIOUS_MOVE = YES;
				CLANG_WARN_UNGUARDED_AVAILABILITY = YES_AGGRESSIVE;
				CLANG_WARN_UNREACHABLE_CODE = YES;
				CLANG_WARN__DUPLICATE_METHOD_MATCH = YES;
				CODE_SIGN_IDENTITY = "iPhone Developer";
				COPY_PHASE_STRIP = NO;
				DEBUG_INFORMATION_FORMAT = dwarf;
				ENABLE_STRICT_OBJC_MSGSEND = YES;
				ENABLE_TESTABILITY = YES;
				GCC_C_LANGUAGE_STANDARD = gnu11;
				GCC_DYNAMIC_NO_PIC = NO;
				GCC_NO_COMMON_BLOCKS = YES;
				GCC_OPTIMIZATION_LEVEL = 0;
				GCC_PREPROCESSOR_DEFINITIONS = (
					"DEBUG=1",
					"$(inherited)",
				);
				GCC_WARN_64_TO_32_BIT_CONVERSION = YES;
				GCC_WARN_ABOUT_RETURN_TYPE = YES_ERROR;
				GCC_WARN_UNDECLARED_SELECTOR = YES;
				GCC_WARN_UNINITIALIZED_AUTOS = YES_AGGRESSIVE;
				GCC_WARN_UNUSED_FUNCTION = YES;
				GCC_WARN_UNUSED_VARIABLE = YES;
				IPHONEOS_DEPLOYMENT_TARGET = 11.2;
				MTL_ENABLE_DEBUG_INFO = YES;
				ONLY_ACTIVE_ARCH = YES;
				SDKROOT = iphoneos;
				SWIFT_ACTIVE_COMPILATION_CONDITIONS = DEBUG;
				SWIFT_OPTIMIZATION_LEVEL = "-Onone";
			};
			name = Debug;
		};
		D76DA810207A116D00976361 /* Release */ = {
			isa = XCBuildConfiguration;
			buildSettings = {
				ALWAYS_SEARCH_USER_PATHS = NO;
				CLANG_ANALYZER_NONNULL = YES;
				CLANG_ANALYZER_NUMBER_OBJECT_CONVERSION = YES_AGGRESSIVE;
				CLANG_CXX_LANGUAGE_STANDARD = "gnu++14";
				CLANG_CXX_LIBRARY = "libc++";
				CLANG_ENABLE_MODULES = YES;
				CLANG_ENABLE_OBJC_ARC = YES;
				CLANG_WARN_BLOCK_CAPTURE_AUTORELEASING = YES;
				CLANG_WARN_BOOL_CONVERSION = YES;
				CLANG_WARN_COMMA = YES;
				CLANG_WARN_CONSTANT_CONVERSION = YES;
				CLANG_WARN_DIRECT_OBJC_ISA_USAGE = YES_ERROR;
				CLANG_WARN_DOCUMENTATION_COMMENTS = YES;
				CLANG_WARN_EMPTY_BODY = YES;
				CLANG_WARN_ENUM_CONVERSION = YES;
				CLANG_WARN_INFINITE_RECURSION = YES;
				CLANG_WARN_INT_CONVERSION = YES;
				CLANG_WARN_NON_LITERAL_NULL_CONVERSION = YES;
				CLANG_WARN_OBJC_LITERAL_CONVERSION = YES;
				CLANG_WARN_OBJC_ROOT_CLASS = YES_ERROR;
				CLANG_WARN_RANGE_LOOP_ANALYSIS = YES;
				CLANG_WARN_STRICT_PROTOTYPES = YES;
				CLANG_WARN_SUSPICIOUS_MOVE = YES;
				CLANG_WARN_UNGUARDED_AVAILABILITY = YES_AGGRESSIVE;
				CLANG_WARN_UNREACHABLE_CODE = YES;
				CLANG_WARN__DUPLICATE_METHOD_MATCH = YES;
				CODE_SIGN_IDENTITY = "iPhone Developer";
				COPY_PHASE_STRIP = NO;
				DEBUG_INFORMATION_FORMAT = "dwarf-with-dsym";
				ENABLE_NS_ASSERTIONS = NO;
				ENABLE_STRICT_OBJC_MSGSEND = YES;
				GCC_C_LANGUAGE_STANDARD = gnu11;
				GCC_NO_COMMON_BLOCKS = YES;
				GCC_WARN_64_TO_32_BIT_CONVERSION = YES;
				GCC_WARN_ABOUT_RETURN_TYPE = YES_ERROR;
				GCC_WARN_UNDECLARED_SELECTOR = YES;
				GCC_WARN_UNINITIALIZED_AUTOS = YES_AGGRESSIVE;
				GCC_WARN_UNUSED_FUNCTION = YES;
				GCC_WARN_UNUSED_VARIABLE = YES;
				IPHONEOS_DEPLOYMENT_TARGET = 11.2;
				MTL_ENABLE_DEBUG_INFO = NO;
				SDKROOT = iphoneos;
				SWIFT_OPTIMIZATION_LEVEL = "-Owholemodule";
				VALIDATE_PRODUCT = YES;
			};
			name = Release;
		};
		D76DA812207A116D00976361 /* Debug */ = {
			isa = XCBuildConfiguration;
			buildSettings = {
				ASSETCATALOG_COMPILER_APPICON_NAME = AppIcon;
				CODE_SIGN_STYLE = Automatic;
				DEVELOPMENT_TEAM = RFX78Y8JFH;
				INFOPLIST_FILE = swiftCode/Info.plist;
				LD_RUNPATH_SEARCH_PATHS = "$(inherited) @executable_path/Frameworks";
				PRODUCT_BUNDLE_IDENTIFIER = www.qimu.swiftCode;
				PRODUCT_NAME = "$(TARGET_NAME)";
				SWIFT_VERSION = 4.0;
				TARGETED_DEVICE_FAMILY = "1,2";
			};
			name = Debug;
		};
		D76DA813207A116D00976361 /* Release */ = {
			isa = XCBuildConfiguration;
			buildSettings = {
				ASSETCATALOG_COMPILER_APPICON_NAME = AppIcon;
				CODE_SIGN_STYLE = Automatic;
				DEVELOPMENT_TEAM = RFX78Y8JFH;
				INFOPLIST_FILE = swiftCode/Info.plist;
				LD_RUNPATH_SEARCH_PATHS = "$(inherited) @executable_path/Frameworks";
				PRODUCT_BUNDLE_IDENTIFIER = www.qimu.swiftCode;
				PRODUCT_NAME = "$(TARGET_NAME)";
				SWIFT_VERSION = 4.0;
				TARGETED_DEVICE_FAMILY = "1,2";
			};
			name = Release;
		};
		D76DA815207A116D00976361 /* Debug */ = {
			isa = XCBuildConfiguration;
			buildSettings = {
				ALWAYS_EMBED_SWIFT_STANDARD_LIBRARIES = YES;
				BUNDLE_LOADER = "$(TEST_HOST)";
				CODE_SIGN_STYLE = Automatic;
				DEVELOPMENT_TEAM = RFX78Y8JFH;
				INFOPLIST_FILE = swiftCodeTests/Info.plist;
				LD_RUNPATH_SEARCH_PATHS = "$(inherited) @executable_path/Frameworks @loader_path/Frameworks";
				PRODUCT_BUNDLE_IDENTIFIER = www.qimu.swiftCodeTests;
				PRODUCT_NAME = "$(TARGET_NAME)";
				SWIFT_VERSION = 4.0;
				TARGETED_DEVICE_FAMILY = "1,2";
				TEST_HOST = "$(BUILT_PRODUCTS_DIR)/swiftCode.app/swiftCode";
			};
			name = Debug;
		};
		D76DA816207A116D00976361 /* Release */ = {
			isa = XCBuildConfiguration;
			buildSettings = {
				ALWAYS_EMBED_SWIFT_STANDARD_LIBRARIES = YES;
				BUNDLE_LOADER = "$(TEST_HOST)";
				CODE_SIGN_STYLE = Automatic;
				DEVELOPMENT_TEAM = RFX78Y8JFH;
				INFOPLIST_FILE = swiftCodeTests/Info.plist;
				LD_RUNPATH_SEARCH_PATHS = "$(inherited) @executable_path/Frameworks @loader_path/Frameworks";
				PRODUCT_BUNDLE_IDENTIFIER = www.qimu.swiftCodeTests;
				PRODUCT_NAME = "$(TARGET_NAME)";
				SWIFT_VERSION = 4.0;
				TARGETED_DEVICE_FAMILY = "1,2";
				TEST_HOST = "$(BUILT_PRODUCTS_DIR)/swiftCode.app/swiftCode";
			};
			name = Release;
		};
		D76DA818207A116D00976361 /* Debug */ = {
			isa = XCBuildConfiguration;
			buildSettings = {
				ALWAYS_EMBED_SWIFT_STANDARD_LIBRARIES = YES;
				CODE_SIGN_STYLE = Automatic;
				DEVELOPMENT_TEAM = RFX78Y8JFH;
				INFOPLIST_FILE = swiftCodeUITests/Info.plist;
				LD_RUNPATH_SEARCH_PATHS = "$(inherited) @executable_path/Frameworks @loader_path/Frameworks";
				PRODUCT_BUNDLE_IDENTIFIER = www.qimu.swiftCodeUITests;
				PRODUCT_NAME = "$(TARGET_NAME)";
				SWIFT_VERSION = 4.0;
				TARGETED_DEVICE_FAMILY = "1,2";
				TEST_TARGET_NAME = swiftCode;
			};
			name = Debug;
		};
		D76DA819207A116D00976361 /* Release */ = {
			isa = XCBuildConfiguration;
			buildSettings = {
				ALWAYS_EMBED_SWIFT_STANDARD_LIBRARIES = YES;
				CODE_SIGN_STYLE = Automatic;
				DEVELOPMENT_TEAM = RFX78Y8JFH;
				INFOPLIST_FILE = swiftCodeUITests/Info.plist;
				LD_RUNPATH_SEARCH_PATHS = "$(inherited) @executable_path/Frameworks @loader_path/Frameworks";
				PRODUCT_BUNDLE_IDENTIFIER = www.qimu.swiftCodeUITests;
				PRODUCT_NAME = "$(TARGET_NAME)";
				SWIFT_VERSION = 4.0;
				TARGETED_DEVICE_FAMILY = "1,2";
				TEST_TARGET_NAME = swiftCode;
			};
			name = Release;
		};
/* End XCBuildConfiguration section */

/* Begin XCConfigurationList section */
		D76DA7E4207A116C00976361 /* Build configuration list for PBXProject "swiftCode" */ = {
			isa = XCConfigurationList;
			buildConfigurations = (
				D76DA80F207A116D00976361 /* Debug */,
				D76DA810207A116D00976361 /* Release */,
			);
			defaultConfigurationIsVisible = 0;
			defaultConfigurationName = Release;
		};
		D76DA811207A116D00976361 /* Build configuration list for PBXNativeTarget "swiftCode" */ = {
			isa = XCConfigurationList;
			buildConfigurations = (
				D76DA812207A116D00976361 /* Debug */,
				D76DA813207A116D00976361 /* Release */,
			);
			defaultConfigurationIsVisible = 0;
			defaultConfigurationName = Release;
		};
		D76DA814207A116D00976361 /* Build configuration list for PBXNativeTarget "swiftCodeTests" */ = {
			isa = XCConfigurationList;
			buildConfigurations = (
				D76DA815207A116D00976361 /* Debug */,
				D76DA816207A116D00976361 /* Release */,
			);
			defaultConfigurationIsVisible = 0;
			defaultConfigurationName = Release;
		};
		D76DA817207A116D00976361 /* Build configuration list for PBXNativeTarget "swiftCodeUITests" */ = {
			isa = XCConfigurationList;
			buildConfigurations = (
				D76DA818207A116D00976361 /* Debug */,
				D76DA819207A116D00976361 /* Release */,
			);
			defaultConfigurationIsVisible = 0;
			defaultConfigurationName = Release;
		};
/* End XCConfigurationList section */
	};
	rootObject = D76DA7E1207A116C00976361 /* Project object */;
}
